<?xml version="1.0" encoding="utf-8"?>
<Project ToolsVersion="4.0" xmlns="http://schemas.microsoft.com/developer/msbuild/2003">
  <ItemGroup>
    <ClCompile Include="zpipe.cpp" />
  </ItemGroup>
  <ItemGroup>
    <Filter Include="lib">
      <UniqueIdentifier>{100baaac-6c1d-4d18-905b-caa2ac78010d}</UniqueIdentifier>
    </Filter>
    <Filter Include="lib\Debug">
      <UniqueIdentifier>{66dcb6fd-9080-4817-98e8-1611d2f3e4b5}</UniqueIdentifier>
    </Filter>
    <Filter Include="lib\Release">
      <UniqueIdentifier>{bb416fb0-c35b-4672-9ef4-82e26630f830}</UniqueIdentifier>
    </Filter>
  </ItemGroup>
  <ItemGroup>
    <Library Include="$(ZLibDir)lib\$(Platform)\Release\$(ZLibName).lib">
      <Filter>lib\Release</Filter>
    </Library>
    <Library Include="$(ZLibDir)lib\$(Platform)\Debug\$(ZLibName)d.lib">
      <Filter>lib\Debug</Filter>
    </Library>
  </ItemGroup>
</Project>